
Microsoft Visual Studio Solution File, Format Version 12.00
# Visual Studio 15
VisualStudioVersion = 15.0.36617.4
MinimumVisualStudioVersion = 10.0.40219.1
Project("{F184B08F-C81C-45F6-A57F-5ABD9991F28F}") = "ClassLibrary2", "ClassLibrary2\ClassLibrary2.vbproj", "{006A8D88-BA40-4F15-BD81-B769C1EAC27D}"
EndProject
Global
	GlobalSection(SolutionConfigurationPlatforms) = preSolution
		Debug|Any CPU = Debug|Any CPU
		Release|Any CPU = Release|Any CPU
	EndGlobalSection
	GlobalSection(ProjectConfigurationPlatforms) = postSolution
		{006A8D88-BA40-4F15-BD81-B769C1EAC27D}.Debug|Any CPU.ActiveCfg = Debug|Any CPU
		{006A8D88-BA40-4F15-BD81-B769C1EAC27D}.Debug|Any CPU.Build.0 = Debug|Any CPU
		{006A8D88-BA40-4F15-BD81-B769C1EAC27D}.Release|Any CPU.ActiveCfg = Release|Any CPU
		{006A8D88-BA40-4F15-BD81-B769C1EAC27D}.Release|Any CPU.Build.0 = Release|Any CPU
	EndGlobalSection
	GlobalSection(SolutionProperties) = preSolution
		HideSolutionNode = FALSE
	EndGlobalSection
	GlobalSection(ExtensibilityGlobals) = postSolution
		SolutionGuid = {FC8893DE-412C-47CD-80F6-B990AD5CEAE7}
	EndGlobalSection
EndGlobal
